
Microsoft Visual Studio Solution File, Format Version 12.00
# Visual Studio Version 17
VisualStudioVersion = 17.5.33627.172
MinimumVisualStudioVersion = 10.0.40219.1
Project("{2150E333-8FDC-42A3-9474-1A3956D46DE8}") = "1. Temp Stuff", "1. Temp Stuff", "{7C1868FE-2BE8-4873-A96C-A71EF412949F}"
EndProject
Project("{2150E333-8FDC-42A3-9474-1A3956D46DE8}") = "2. Building Blocks", "2. Building Blocks", "{61FB2829-1A02-43BC-956D-35044562FC12}"
EndProject
Project("{2150E333-8FDC-42A3-9474-1A3956D46DE8}") = "3. Services", "3. Services", "{51969194-3E7E-466F-9406-BB539E26DC89}"
EndProject
Project("{2150E333-8FDC-42A3-9474-1A3956D46DE8}") = "4. Test", "4. Test", "{5F46F265-C522-4490-9D8E-D9F4EDF2DE59}"
EndProject
Project("{9A19103F-16F7-4668-BE54-9A1E7A4F7556}") = "Domain.Base", "BuildingBlocks\Domain.Base\Domain.Base.csproj", "{9E442A1D-5FAB-4ED1-860B-838CCAD8ADA4}"
EndProject
Project("{2150E333-8FDC-42A3-9474-1A3956D46DE8}") = "Services", "Services", "{D9B93702-33CF-49FF-A287-98F746B06D77}"
EndProject
Project("{2150E333-8FDC-42A3-9474-1A3956D46DE8}") = "Estimator", "Estimator", "{DABB0EA0-40B4-4E8A-B339-5EC6D841CE5E}"
EndProject
Project("{2150E333-8FDC-42A3-9474-1A3956D46DE8}") = "FeatureManager", "FeatureManager", "{CB54858E-B7CC-4E5D-B0D6-00D245E67656}"
EndProject
Project("{2150E333-8FDC-42A3-9474-1A3956D46DE8}") = "GoalManager", "GoalManager", "{87BA1A3C-F17D-47DC-A433-E3411B3265DE}"
EndProject
Project("{2150E333-8FDC-42A3-9474-1A3956D46DE8}") = "ProjectManager", "ProjectManager", "{463A9895-CFBA-46F4-83E9-94EE3A3A4E62}"
EndProject
Project("{9A19103F-16F7-4668-BE54-9A1E7A4F7556}") = "Estimator.Domain", "Services\Estimator\Estimator.Domain\Estimator.Domain.csproj", "{D6AABB6B-F8FC-422F-8827-66EF9E56DC84}"
EndProject
Project("{9A19103F-16F7-4668-BE54-9A1E7A4F7556}") = "Estimator.API", "Services\Estimator\Estimator.API\Estimator.API.csproj", "{C476AD68-B60D-4115-8040-03FB856D4EF2}"
EndProject
Project("{9A19103F-16F7-4668-BE54-9A1E7A4F7556}") = "Estimator.Infrastructure", "Services\Estimator\Estimator.Infrastructure\Estimator.Infrastructure.csproj", "{09C32A87-C280-4409-B831-958A1250338A}"
EndProject
Project("{2150E333-8FDC-42A3-9474-1A3956D46DE8}") = "Event Bus", "Event Bus", "{E6C625EB-FEB9-4E36-A1CA-FD65A9C33954}"
EndProject
Project("{2150E333-8FDC-42A3-9474-1A3956D46DE8}") = "tests", "tests", "{C8E1A899-4465-4406-8662-93CDA8DAD1C8}"
EndProject
Project("{9A19103F-16F7-4668-BE54-9A1E7A4F7556}") = "EventBus", "BuildingBlocks\EventBus\EventBus\EventBus.csproj", "{82DE9114-4DE1-4FC0-8FB7-9437F5AC441D}"
EndProject
Project("{9A19103F-16F7-4668-BE54-9A1E7A4F7556}") = "EventBusRabbitMQ", "BuildingBlocks\EventBus\EventBusRabbitMQ\EventBusRabbitMQ.csproj", "{25799665-56A5-4948-A47E-CAFE736CDFF9}"
EndProject
Project("{9A19103F-16F7-4668-BE54-9A1E7A4F7556}") = "EventBusServiceBus", "BuildingBlocks\EventBus\EventBusServiceBus\EventBusServiceBus.csproj", "{671F7EAC-CD4A-41ED-BD31-11FCC9D7112F}"
EndProject
Project("{9A19103F-16F7-4668-BE54-9A1E7A4F7556}") = "IntegrationEventLogEF", "BuildingBlocks\EventBus\IntegrationEventLogEF\IntegrationEventLogEF.csproj", "{83367C24-C986-40C8-ABFB-EC7731C8CB8C}"
EndProject
Project("{9A19103F-16F7-4668-BE54-9A1E7A4F7556}") = "EventBus.Tests", "BuildingBlocks\EventBus\EventBus.Tests\EventBus.Tests.csproj", "{36150DE6-97E3-486B-9875-93652F08CC9C}"
EndProject
Project("{2150E333-8FDC-42A3-9474-1A3956D46DE8}") = "Web Host", "Web Host", "{4F32B7ED-8DB9-4CC3-A8E7-2BD239A19541}"
EndProject
Project("{9A19103F-16F7-4668-BE54-9A1E7A4F7556}") = "WebHost.Customization", "BuildingBlocks\WebHostCustomization\WebHost.Customization\WebHost.Customization.csproj", "{E4B072BD-D5F4-4C8A-B5FE-93ED189F09EB}"
EndProject
Project("{2150E333-8FDC-42A3-9474-1A3956D46DE8}") = "Api Gateways", "Api Gateways", "{B284F5A2-7724-48D4-A3D1-DD478625BC2A}"
EndProject
Project("{2150E333-8FDC-42A3-9474-1A3956D46DE8}") = "Envoy", "Envoy", "{A33CC4E1-006B-4E98-A9B7-B028EF5476BA}"
EndProject
Project("{2150E333-8FDC-42A3-9474-1A3956D46DE8}") = "Mobile.Bff.ProjectManager", "Mobile.Bff.ProjectManager", "{9FA4F18A-FB8A-471F-AE7E-769007054CE9}"
EndProject
Project("{2150E333-8FDC-42A3-9474-1A3956D46DE8}") = "Web.Bff.ProjectManager", "Web.Bff.ProjectManager", "{BD048DC6-CC44-415E-A32A-0B541626D033}"
EndProject
Project("{9A19103F-16F7-4668-BE54-9A1E7A4F7556}") = "CodeGenerator", "CodeGenerator\CodeGenerator.csproj", "{ACC7BF3C-E51E-4B0F-AC77-5A5133E54003}"
EndProject
Project("{2150E333-8FDC-42A3-9474-1A3956D46DE8}") = "5. Front Ends", "5. Front Ends", "{60C7AB9F-8CE7-48D9-B93A-EADA883630BB}"
EndProject
Global
	GlobalSection(SolutionConfigurationPlatforms) = preSolution
		Debug|Any CPU = Debug|Any CPU
		Release|Any CPU = Release|Any CPU
	EndGlobalSection
	GlobalSection(ProjectConfigurationPlatforms) = postSolution
		{9E442A1D-5FAB-4ED1-860B-838CCAD8ADA4}.Debug|Any CPU.ActiveCfg = Debug|Any CPU
		{9E442A1D-5FAB-4ED1-860B-838CCAD8ADA4}.Debug|Any CPU.Build.0 = Debug|Any CPU
		{9E442A1D-5FAB-4ED1-860B-838CCAD8ADA4}.Release|Any CPU.ActiveCfg = Release|Any CPU
		{9E442A1D-5FAB-4ED1-860B-838CCAD8ADA4}.Release|Any CPU.Build.0 = Release|Any CPU
		{D6AABB6B-F8FC-422F-8827-66EF9E56DC84}.Debug|Any CPU.ActiveCfg = Debug|Any CPU
		{D6AABB6B-F8FC-422F-8827-66EF9E56DC84}.Debug|Any CPU.Build.0 = Debug|Any CPU
		{D6AABB6B-F8FC-422F-8827-66EF9E56DC84}.Release|Any CPU.ActiveCfg = Release|Any CPU
		{D6AABB6B-F8FC-422F-8827-66EF9E56DC84}.Release|Any CPU.Build.0 = Release|Any CPU
		{C476AD68-B60D-4115-8040-03FB856D4EF2}.Debug|Any CPU.ActiveCfg = Debug|Any CPU
		{C476AD68-B60D-4115-8040-03FB856D4EF2}.Debug|Any CPU.Build.0 = Debug|Any CPU
		{C476AD68-B60D-4115-8040-03FB856D4EF2}.Release|Any CPU.ActiveCfg = Release|Any CPU
		{C476AD68-B60D-4115-8040-03FB856D4EF2}.Release|Any CPU.Build.0 = Release|Any CPU
		{09C32A87-C280-4409-B831-958A1250338A}.Debug|Any CPU.ActiveCfg = Debug|Any CPU
		{09C32A87-C280-4409-B831-958A1250338A}.Debug|Any CPU.Build.0 = Debug|Any CPU
		{09C32A87-C280-4409-B831-958A1250338A}.Release|Any CPU.ActiveCfg = Release|Any CPU
		{09C32A87-C280-4409-B831-958A1250338A}.Release|Any CPU.Build.0 = Release|Any CPU
		{82DE9114-4DE1-4FC0-8FB7-9437F5AC441D}.Debug|Any CPU.ActiveCfg = Debug|Any CPU
		{82DE9114-4DE1-4FC0-8FB7-9437F5AC441D}.Debug|Any CPU.Build.0 = Debug|Any CPU
		{82DE9114-4DE1-4FC0-8FB7-9437F5AC441D}.Release|Any CPU.ActiveCfg = Release|Any CPU
		{82DE9114-4DE1-4FC0-8FB7-9437F5AC441D}.Release|Any CPU.Build.0 = Release|Any CPU
		{25799665-56A5-4948-A47E-CAFE736CDFF9}.Debug|Any CPU.ActiveCfg = Debug|Any CPU
		{25799665-56A5-4948-A47E-CAFE736CDFF9}.Debug|Any CPU.Build.0 = Debug|Any CPU
		{25799665-56A5-4948-A47E-CAFE736CDFF9}.Release|Any CPU.ActiveCfg = Release|Any CPU
		{25799665-56A5-4948-A47E-CAFE736CDFF9}.Release|Any CPU.Build.0 = Release|Any CPU
		{671F7EAC-CD4A-41ED-BD31-11FCC9D7112F}.Debug|Any CPU.ActiveCfg = Debug|Any CPU
		{671F7EAC-CD4A-41ED-BD31-11FCC9D7112F}.Debug|Any CPU.Build.0 = Debug|Any CPU
		{671F7EAC-CD4A-41ED-BD31-11FCC9D7112F}.Release|Any CPU.ActiveCfg = Release|Any CPU
		{671F7EAC-CD4A-41ED-BD31-11FCC9D7112F}.Release|Any CPU.Build.0 = Release|Any CPU
		{83367C24-C986-40C8-ABFB-EC7731C8CB8C}.Debug|Any CPU.ActiveCfg = Debug|Any CPU
		{83367C24-C986-40C8-ABFB-EC7731C8CB8C}.Debug|Any CPU.Build.0 = Debug|Any CPU
		{83367C24-C986-40C8-ABFB-EC7731C8CB8C}.Release|Any CPU.ActiveCfg = Release|Any CPU
		{83367C24-C986-40C8-ABFB-EC7731C8CB8C}.Release|Any CPU.Build.0 = Release|Any CPU
		{36150DE6-97E3-486B-9875-93652F08CC9C}.Debug|Any CPU.ActiveCfg = Debug|Any CPU
		{36150DE6-97E3-486B-9875-93652F08CC9C}.Debug|Any CPU.Build.0 = Debug|Any CPU
		{36150DE6-97E3-486B-9875-93652F08CC9C}.Release|Any CPU.ActiveCfg = Release|Any CPU
		{36150DE6-97E3-486B-9875-93652F08CC9C}.Release|Any CPU.Build.0 = Release|Any CPU
		{E4B072BD-D5F4-4C8A-B5FE-93ED189F09EB}.Debug|Any CPU.ActiveCfg = Debug|Any CPU
		{E4B072BD-D5F4-4C8A-B5FE-93ED189F09EB}.Debug|Any CPU.Build.0 = Debug|Any CPU
		{E4B072BD-D5F4-4C8A-B5FE-93ED189F09EB}.Release|Any CPU.ActiveCfg = Release|Any CPU
		{E4B072BD-D5F4-4C8A-B5FE-93ED189F09EB}.Release|Any CPU.Build.0 = Release|Any CPU
		{ACC7BF3C-E51E-4B0F-AC77-5A5133E54003}.Debug|Any CPU.ActiveCfg = Debug|Any CPU
		{ACC7BF3C-E51E-4B0F-AC77-5A5133E54003}.Debug|Any CPU.Build.0 = Debug|Any CPU
		{ACC7BF3C-E51E-4B0F-AC77-5A5133E54003}.Release|Any CPU.ActiveCfg = Release|Any CPU
		{ACC7BF3C-E51E-4B0F-AC77-5A5133E54003}.Release|Any CPU.Build.0 = Release|Any CPU
	EndGlobalSection
	GlobalSection(SolutionProperties) = preSolution
		HideSolutionNode = FALSE
	EndGlobalSection
	GlobalSection(NestedProjects) = preSolution
		{9E442A1D-5FAB-4ED1-860B-838CCAD8ADA4} = {61FB2829-1A02-43BC-956D-35044562FC12}
		{D9B93702-33CF-49FF-A287-98F746B06D77} = {51969194-3E7E-466F-9406-BB539E26DC89}
		{DABB0EA0-40B4-4E8A-B339-5EC6D841CE5E} = {D9B93702-33CF-49FF-A287-98F746B06D77}
		{CB54858E-B7CC-4E5D-B0D6-00D245E67656} = {D9B93702-33CF-49FF-A287-98F746B06D77}
		{87BA1A3C-F17D-47DC-A433-E3411B3265DE} = {D9B93702-33CF-49FF-A287-98F746B06D77}
		{463A9895-CFBA-46F4-83E9-94EE3A3A4E62} = {D9B93702-33CF-49FF-A287-98F746B06D77}
		{D6AABB6B-F8FC-422F-8827-66EF9E56DC84} = {DABB0EA0-40B4-4E8A-B339-5EC6D841CE5E}
		{C476AD68-B60D-4115-8040-03FB856D4EF2} = {DABB0EA0-40B4-4E8A-B339-5EC6D841CE5E}
		{09C32A87-C280-4409-B831-958A1250338A} = {DABB0EA0-40B4-4E8A-B339-5EC6D841CE5E}
		{E6C625EB-FEB9-4E36-A1CA-FD65A9C33954} = {61FB2829-1A02-43BC-956D-35044562FC12}
		{C8E1A899-4465-4406-8662-93CDA8DAD1C8} = {E6C625EB-FEB9-4E36-A1CA-FD65A9C33954}
		{82DE9114-4DE1-4FC0-8FB7-9437F5AC441D} = {E6C625EB-FEB9-4E36-A1CA-FD65A9C33954}
		{25799665-56A5-4948-A47E-CAFE736CDFF9} = {E6C625EB-FEB9-4E36-A1CA-FD65A9C33954}
		{671F7EAC-CD4A-41ED-BD31-11FCC9D7112F} = {E6C625EB-FEB9-4E36-A1CA-FD65A9C33954}
		{83367C24-C986-40C8-ABFB-EC7731C8CB8C} = {E6C625EB-FEB9-4E36-A1CA-FD65A9C33954}
		{36150DE6-97E3-486B-9875-93652F08CC9C} = {C8E1A899-4465-4406-8662-93CDA8DAD1C8}
		{4F32B7ED-8DB9-4CC3-A8E7-2BD239A19541} = {61FB2829-1A02-43BC-956D-35044562FC12}
		{E4B072BD-D5F4-4C8A-B5FE-93ED189F09EB} = {4F32B7ED-8DB9-4CC3-A8E7-2BD239A19541}
		{B284F5A2-7724-48D4-A3D1-DD478625BC2A} = {61FB2829-1A02-43BC-956D-35044562FC12}
		{A33CC4E1-006B-4E98-A9B7-B028EF5476BA} = {B284F5A2-7724-48D4-A3D1-DD478625BC2A}
		{9FA4F18A-FB8A-471F-AE7E-769007054CE9} = {B284F5A2-7724-48D4-A3D1-DD478625BC2A}
		{BD048DC6-CC44-415E-A32A-0B541626D033} = {B284F5A2-7724-48D4-A3D1-DD478625BC2A}
		{ACC7BF3C-E51E-4B0F-AC77-5A5133E54003} = {7C1868FE-2BE8-4873-A96C-A71EF412949F}
	EndGlobalSection
	GlobalSection(ExtensibilityGlobals) = postSolution
		SolutionGuid = {A270C477-BBAA-4C23-A794-96B5CAD34BFE}
	EndGlobalSection
EndGlobal
